
Microsoft Visual Studio Solution File, Format Version 12.00
# Visual Studio Version 16
VisualStudioVersion = 16.0.30804.86
MinimumVisualStudioVersion = 10.0.40219.1
Project("{9A19103F-16F7-4668-BE54-9A1E7A4F7556}") = "KampIntro", "KampIntro\KampIntro.csproj", "{886C5FC5-B757-401D-AA33-20F76FF10F40}"
EndProject
Project("{9A19103F-16F7-4668-BE54-9A1E7A4F7556}") = "donguler", "donguler\donguler.csproj", "{0CAB1C43-ABAF-41DB-89E0-C65FBC4D3C19}"
EndProject
Project("{9A19103F-16F7-4668-BE54-9A1E7A4F7556}") = "ClassIntro", "ClassIntro\ClassIntro.csproj", "{AB47793F-7291-4A61-87E8-20A1E686D44C}"
EndProject
Project("{9A19103F-16F7-4668-BE54-9A1E7A4F7556}") = "test11", "test11\test11.csproj", "{4C31308F-B82E-4B00-BD28-01F1403D13B4}"
EndProject
Project("{FAE04EC0-301F-11D3-BF4B-00C04F79EFBC}") = "Methotlar", "Methotlar\Methotlar.csproj", "{322DC343-37EE-4302-8708-56F0F5691792}"
EndProject
Project("{FAE04EC0-301F-11D3-BF4B-00C04F79EFBC}") = "Matematık", "Matematık\Matematık.csproj", "{DE105FBA-69BD-4365-9209-6568D46F468F}"
EndProject
Project("{FAE04EC0-301F-11D3-BF4B-00C04F79EFBC}") = "DegerVeReferansTıpler", "DegerVeReferansTıpler\DegerVeReferansTıpler.csproj", "{BDBCF4C2-F575-49F8-A804-C318E1F64E68}"
EndProject
Global
	GlobalSection(SolutionConfigurationPlatforms) = preSolution
		Debug|Any CPU = Debug|Any CPU
		Release|Any CPU = Release|Any CPU
	EndGlobalSection
	GlobalSection(ProjectConfigurationPlatforms) = postSolution
		{886C5FC5-B757-401D-AA33-20F76FF10F40}.Debug|Any CPU.ActiveCfg = Debug|Any CPU
		{886C5FC5-B757-401D-AA33-20F76FF10F40}.Debug|Any CPU.Build.0 = Debug|Any CPU
		{886C5FC5-B757-401D-AA33-20F76FF10F40}.Release|Any CPU.ActiveCfg = Release|Any CPU
		{886C5FC5-B757-401D-AA33-20F76FF10F40}.Release|Any CPU.Build.0 = Release|Any CPU
		{0CAB1C43-ABAF-41DB-89E0-C65FBC4D3C19}.Debug|Any CPU.ActiveCfg = Debug|Any CPU
		{0CAB1C43-ABAF-41DB-89E0-C65FBC4D3C19}.Debug|Any CPU.Build.0 = Debug|Any CPU
		{0CAB1C43-ABAF-41DB-89E0-C65FBC4D3C19}.Release|Any CPU.ActiveCfg = Release|Any CPU
		{0CAB1C43-ABAF-41DB-89E0-C65FBC4D3C19}.Release|Any CPU.Build.0 = Release|Any CPU
		{AB47793F-7291-4A61-87E8-20A1E686D44C}.Debug|Any CPU.ActiveCfg = Debug|Any CPU
		{AB47793F-7291-4A61-87E8-20A1E686D44C}.Debug|Any CPU.Build.0 = Debug|Any CPU
		{AB47793F-7291-4A61-87E8-20A1E686D44C}.Release|Any CPU.ActiveCfg = Release|Any CPU
		{AB47793F-7291-4A61-87E8-20A1E686D44C}.Release|Any CPU.Build.0 = Release|Any CPU
		{4C31308F-B82E-4B00-BD28-01F1403D13B4}.Debug|Any CPU.ActiveCfg = Debug|Any CPU
		{4C31308F-B82E-4B00-BD28-01F1403D13B4}.Debug|Any CPU.Build.0 = Debug|Any CPU
		{4C31308F-B82E-4B00-BD28-01F1403D13B4}.Release|Any CPU.ActiveCfg = Release|Any CPU
		{4C31308F-B82E-4B00-BD28-01F1403D13B4}.Release|Any CPU.Build.0 = Release|Any CPU
		{322DC343-37EE-4302-8708-56F0F5691792}.Debug|Any CPU.ActiveCfg = Debug|Any CPU
		{322DC343-37EE-4302-8708-56F0F5691792}.Debug|Any CPU.Build.0 = Debug|Any CPU
		{322DC343-37EE-4302-8708-56F0F5691792}.Release|Any CPU.ActiveCfg = Release|Any CPU
		{322DC343-37EE-4302-8708-56F0F5691792}.Release|Any CPU.Build.0 = Release|Any CPU
		{DE105FBA-69BD-4365-9209-6568D46F468F}.Debug|Any CPU.ActiveCfg = Debug|Any CPU
		{DE105FBA-69BD-4365-9209-6568D46F468F}.Debug|Any CPU.Build.0 = Debug|Any CPU
		{DE105FBA-69BD-4365-9209-6568D46F468F}.Release|Any CPU.ActiveCfg = Release|Any CPU
		{DE105FBA-69BD-4365-9209-6568D46F468F}.Release|Any CPU.Build.0 = Release|Any CPU
		{BDBCF4C2-F575-49F8-A804-C318E1F64E68}.Debug|Any CPU.ActiveCfg = Debug|Any CPU
		{BDBCF4C2-F575-49F8-A804-C318E1F64E68}.Debug|Any CPU.Build.0 = Debug|Any CPU
		{BDBCF4C2-F575-49F8-A804-C318E1F64E68}.Release|Any CPU.ActiveCfg = Release|Any CPU
		{BDBCF4C2-F575-49F8-A804-C318E1F64E68}.Release|Any CPU.Build.0 = Release|Any CPU
	EndGlobalSection
	GlobalSection(SolutionProperties) = preSolution
		HideSolutionNode = FALSE
	EndGlobalSection
	GlobalSection(ExtensibilityGlobals) = postSolution
		SolutionGuid = {FD57F700-8889-4B46-89D7-17D009066F9F}
	EndGlobalSection
EndGlobal
